
Microsoft Visual Studio Solution File, Format Version 12.00
# Visual Studio 14
VisualStudioVersion = 14.0.24720.0
MinimumVisualStudioVersion = 10.0.40219.1
Project("{FAE04EC0-301F-11D3-BF4B-00C04F79EFBC}") = "SOTRJOW", "SOTRJOW\SOTRJOW.csproj", "{10538534-5688-4FF4-809F-194141063DFD}"
EndProject
Global
	GlobalSection(SolutionConfigurationPlatforms) = preSolution
		Debug|Any CPU = Debug|Any CPU
		Release|Any CPU = Release|Any CPU
	EndGlobalSection
	GlobalSection(ProjectConfigurationPlatforms) = postSolution
		{10538534-5688-4FF4-809F-194141063DFD}.Debug|Any CPU.ActiveCfg = Debug|Any CPU
		{10538534-5688-4FF4-809F-194141063DFD}.Debug|Any CPU.Build.0 = Debug|Any CPU
		{10538534-5688-4FF4-809F-194141063DFD}.Release|Any CPU.ActiveCfg = Release|Any CPU
		{10538534-5688-4FF4-809F-194141063DFD}.Release|Any CPU.Build.0 = Release|Any CPU
	EndGlobalSection
	GlobalSection(SolutionProperties) = preSolution
		HideSolutionNode = FALSE
	EndGlobalSection
EndGlobal
